{
    "_readme": [
        "This file locks the dependencies of your project to a known state",
        "Read more about it at https://getcomposer.org/doc/01-basic-usage.md#installing-dependencies",
        "This file is @generated automatically"
    ],
    "content-hash": "e6e94d40751588c9e8da9c3e4888b404",
    "packages": [
        {
            "name": "2tvenom/cborencode",
            "version": "1.0.0",
            "source": {
                "type": "git",
                "url": "https://github.com/2tvenom/CBOREncode.git",
                "reference": "1cb7614e06b261affdca15a94729630ff5d55914"
            },
            "dist": {
                "type": "zip",
                "url": "https://api.github.com/repos/2tvenom/CBOREncode/zipball/1cb7614e06b261affdca15a94729630ff5d55914",
                "reference": "1cb7614e06b261affdca15a94729630ff5d55914",
                "shasum": ""
            },
            "require": {
                "php": ">=5.4.0"
            },
            "type": "library",
            "autoload": {
                "psr-0": {
                    "CBOR": "src"
                }
            },
            "notification-url": "https://packagist.org/downloads/",
            "license": [
                "PHP"
            ],
            "authors": [
                {
                    "name": "Pavel <Ven> Gulbin",
                    "email": "2tvenom@gmail.com",
                    "role": "Developer"
                }
            ],
            "description": "CBOR encoder for PHP",
            "homepage": "https://github.com/2tvenom/CBOREncode",
            "keywords": [
                "cbor"
            ],
            "time": "2018-03-27T20:29:49+00:00"
        },
        {
            "name": "freedsx/asn1",
            "version": "0.4.1",
            "source": {
                "type": "git",
                "url": "https://github.com/FreeDSx/ASN1.git",
                "reference": "d1f7c9dc0bbe047a95a527cd134e3d7dece97ac3"
            },
            "dist": {
                "type": "zip",
                "url": "https://api.github.com/repos/FreeDSx/ASN1/zipball/d1f7c9dc0bbe047a95a527cd134e3d7dece97ac3",
                "reference": "d1f7c9dc0bbe047a95a527cd134e3d7dece97ac3",
                "shasum": ""
            },
            "require": {
                "php": ">=7.1"
            },
            "require-dev": {
                "phpspec/phpspec": "^5.0"
            },
            "suggest": {
                "ext-gmp": "For big integer support in Integer/Enumerated/OID types and tag numbers."
            },
            "type": "library",
            "autoload": {
                "psr-4": {
                    "FreeDSx\\Asn1\\": "src/FreeDSx/Asn1"
                }
            },
            "notification-url": "https://packagist.org/downloads/",
            "license": [
                "MIT"
            ],
            "authors": [
                {
                    "name": "Chad Sikorra",
                    "email": "Chad.Sikorra@gmail.com"
                }
            ],
            "description": "An ASN.1 library for PHP.",
            "homepage": "https://github.com/FreeDSx/ASN1",
            "keywords": [
                "DER",
                "asn.1",
                "asn1",
                "ber",
                "x.690"
            ],
            "time": "2019-03-10T22:33:37+00:00"
        },
        {
            "name": "simplito/bigint-wrapper-php",
            "version": "1.0.0",
            "source": {
                "type": "git",
                "url": "https://github.com/simplito/bigint-wrapper-php.git",
                "reference": "cf21ec76d33f103add487b3eadbd9f5033a25930"
            },
            "dist": {
                "type": "zip",
                "url": "https://api.github.com/repos/simplito/bigint-wrapper-php/zipball/cf21ec76d33f103add487b3eadbd9f5033a25930",
                "reference": "cf21ec76d33f103add487b3eadbd9f5033a25930",
                "shasum": ""
            },
            "type": "library",
            "autoload": {
                "psr-4": {
                    "BI\\": "lib/"
                }
            },
            "notification-url": "https://packagist.org/downloads/",
            "license": [
                "MIT"
            ],
            "authors": [
                {
                    "name": "Simplito Team",
                    "email": "s.smyczynski@simplito.com",
                    "homepage": "https://simplito.com"
                }
            ],
            "description": "Common interface for php_gmp and php_bcmath modules",
            "time": "2018-02-27T12:38:08+00:00"
        },
        {
            "name": "simplito/bn-php",
            "version": "1.1.2",
            "source": {
                "type": "git",
                "url": "https://github.com/simplito/bn-php.git",
                "reference": "e852fcd27e4acbc32459606d7606e45a85e42465"
            },
            "dist": {
                "type": "zip",
                "url": "https://api.github.com/repos/simplito/bn-php/zipball/e852fcd27e4acbc32459606d7606e45a85e42465",
                "reference": "e852fcd27e4acbc32459606d7606e45a85e42465",
                "shasum": ""
            },
            "require": {
                "simplito/bigint-wrapper-php": "~1.0.0"
            },
            "require-dev": {
                "phpunit/phpunit": "*"
            },
            "type": "library",
            "autoload": {
                "psr-4": {
                    "BN\\": "lib/"
                }
            },
            "notification-url": "https://packagist.org/downloads/",
            "license": [
                "MIT"
            ],
            "authors": [
                {
                    "name": "Simplito Team",
                    "email": "s.smyczynski@simplito.com",
                    "homepage": "https://simplito.com"
                }
            ],
            "description": "Big number implementation compatible with bn.js",
            "time": "2018-04-12T11:07:43+00:00"
        },
        {
            "name": "simplito/elliptic-php",
            "version": "1.0.4",
            "source": {
                "type": "git",
                "url": "https://github.com/simplito/elliptic-php.git",
                "reference": "be6b14c6999a5c328457d571f643ef8b3f3f82d0"
            },
            "dist": {
                "type": "zip",
                "url": "https://api.github.com/repos/simplito/elliptic-php/zipball/be6b14c6999a5c328457d571f643ef8b3f3f82d0",
                "reference": "be6b14c6999a5c328457d571f643ef8b3f3f82d0",
                "shasum": ""
            },
            "require": {
                "ext-gmp": "*",
                "simplito/bn-php": "~1.1.0"
            },
            "require-dev": {
                "phpbench/phpbench": "@dev",
                "phpunit/phpunit": "*"
            },
            "type": "library",
            "autoload": {
                "psr-4": {
                    "Elliptic\\": "lib/"
                }
            },
            "notification-url": "https://packagist.org/downloads/",
            "license": [
                "MIT"
            ],
            "authors": [
                {
                    "name": "Simplito Team",
                    "email": "s.smyczynski@simplito.com",
                    "homepage": "https://simplito.com"
                }
            ],
            "description": "Fast elliptic curve cryptography",
            "homepage": "https://github.com/simplito/elliptic-php",
            "keywords": [
                "Curve25519",
                "ECDSA",
                "Ed25519",
                "EdDSA",
                "cryptography",
                "curve",
                "ecc",
                "ecdh",
                "elliptic",
                "nistp192",
                "nistp224",
                "nistp256",
                "nistp384",
                "nistp521",
                "secp256k1"
            ],
            "time": "2018-05-11T07:40:56+00:00"
        }
    ],
    "packages-dev": [],
    "aliases": [],
    "minimum-stability": "stable",
    "stability-flags": [],
    "prefer-stable": false,
    "prefer-lowest": false,
    "platform": [],
    "platform-dev": []
}
